
Microsoft Visual Studio Solution File, Format Version 12.00
Project("{FAE04EC0-301F-11D3-BF4B-00C04F79EFBC}") = "Migrations", "Migrations\Migrations.csproj", "{35BD2767-3710-4966-AE3F-806946113701}"
EndProject
Project("{FAE04EC0-301F-11D3-BF4B-00C04F79EFBC}") = "Migrations.EPiServer", "Migrations.EPiServer\Migrations.EPiServer.csproj", "{18199349-9EB2-49E9-AC1F-6382AB8B8B93}"
EndProject
Project("{FAE04EC0-301F-11D3-BF4B-00C04F79EFBC}") = "Migrations.Tests", "Migrations.Tests\Migrations.Tests.csproj", "{6F08B5DC-66BD-41C1-9A76-CB43F671A891}"
EndProject
Global
	GlobalSection(SolutionConfigurationPlatforms) = preSolution
		Debug|Any CPU = Debug|Any CPU
		Release|Any CPU = Release|Any CPU
	EndGlobalSection
	GlobalSection(ProjectConfigurationPlatforms) = postSolution
		{35BD2767-3710-4966-AE3F-806946113701}.Debug|Any CPU.ActiveCfg = Debug|Any CPU
		{35BD2767-3710-4966-AE3F-806946113701}.Debug|Any CPU.Build.0 = Debug|Any CPU
		{35BD2767-3710-4966-AE3F-806946113701}.Release|Any CPU.ActiveCfg = Release|Any CPU
		{35BD2767-3710-4966-AE3F-806946113701}.Release|Any CPU.Build.0 = Release|Any CPU
		{18199349-9EB2-49E9-AC1F-6382AB8B8B93}.Debug|Any CPU.ActiveCfg = Debug|Any CPU
		{18199349-9EB2-49E9-AC1F-6382AB8B8B93}.Debug|Any CPU.Build.0 = Debug|Any CPU
		{18199349-9EB2-49E9-AC1F-6382AB8B8B93}.Release|Any CPU.ActiveCfg = Release|Any CPU
		{18199349-9EB2-49E9-AC1F-6382AB8B8B93}.Release|Any CPU.Build.0 = Release|Any CPU
		{6F08B5DC-66BD-41C1-9A76-CB43F671A891}.Debug|Any CPU.ActiveCfg = Debug|Any CPU
		{6F08B5DC-66BD-41C1-9A76-CB43F671A891}.Debug|Any CPU.Build.0 = Debug|Any CPU
		{6F08B5DC-66BD-41C1-9A76-CB43F671A891}.Release|Any CPU.ActiveCfg = Release|Any CPU
		{6F08B5DC-66BD-41C1-9A76-CB43F671A891}.Release|Any CPU.Build.0 = Release|Any CPU
	EndGlobalSection
EndGlobal
